
Microsoft Visual Studio Solution File, Format Version 12.00
# Visual Studio Version 17
VisualStudioVersion = 17.3.32929.385
MinimumVisualStudioVersion = 10.0.40219.1
Project("{2150E333-8FDC-42A3-9474-1A3956D46DE8}") = "2022", "2022", "{7DBD59EE-E903-4BF7-9FDE-4EADF65F8DBD}"
EndProject
Project("{9A19103F-16F7-4668-BE54-9A1E7A4F7556}") = "Level 01", "2022\Level 01\Level 01.csproj", "{4A10D6D6-E46E-4602-88D3-37B3D3F390EE}"
EndProject
Project("{9A19103F-16F7-4668-BE54-9A1E7A4F7556}") = "Level 02", "2022\Level 02\Level 02.csproj", "{63505746-7875-4F05-B1CA-A99F9A2E0FA8}"
EndProject
Project("{9A19103F-16F7-4668-BE54-9A1E7A4F7556}") = "Level 03", "2022\Level 03\Level 03.csproj", "{4B27DA2E-D438-43A8-8CAE-ADE66030CB98}"
EndProject
Project("{2150E333-8FDC-42A3-9474-1A3956D46DE8}") = "Solution Items", "Solution Items", "{5DC6D5F1-9673-4939-A252-608CDF739C66}"
	ProjectSection(SolutionItems) = preProject
		.editorconfig = .editorconfig
	EndProjectSection
EndProject
Project("{9A19103F-16F7-4668-BE54-9A1E7A4F7556}") = "Level 04", "2022\Level 04\Level 04.csproj", "{F51E7564-9570-4417-A570-2F5B7DBF0B6A}"
EndProject
Project("{2150E333-8FDC-42A3-9474-1A3956D46DE8}") = "2015", "2015", "{2B6E48DA-B498-4855-95FE-B5F8C0D9A93C}"
EndProject
Project("{9A19103F-16F7-4668-BE54-9A1E7A4F7556}") = "Level 03", "2015\Level 03\Level 03.csproj", "{6068156E-080C-4373-91DD-CEEECFAEF79D}"
EndProject
Project("{9A19103F-16F7-4668-BE54-9A1E7A4F7556}") = "Level 10", "2015\Level 10\Level 10.csproj", "{17273C01-032F-4D9D-9754-01EF6E33553A}"
EndProject
Project("{9A19103F-16F7-4668-BE54-9A1E7A4F7556}") = "Level 05", "2022\Level 05\Level 05.csproj", "{252AD4C7-3269-4867-9089-5902540BDFBE}"
EndProject
Project("{9A19103F-16F7-4668-BE54-9A1E7A4F7556}") = "Level 07", "2015\Level 07\Level 07.csproj", "{FB3327C1-C0A8-4299-9084-88728543A5E1}"
EndProject
Project("{9A19103F-16F7-4668-BE54-9A1E7A4F7556}") = "Level 11", "2015\Level 11\Level 11.csproj", "{251DD49F-127E-48EB-9F92-C4F61F115CA8}"
EndProject
Project("{9A19103F-16F7-4668-BE54-9A1E7A4F7556}") = "Level 04", "2015\Level 04\Level 04.csproj", "{9A0EA8E5-533C-4764-9499-7705701BA31F}"
EndProject
Project("{9A19103F-16F7-4668-BE54-9A1E7A4F7556}") = "Level 05", "2015\Level 05\Level 05.csproj", "{E83B602B-A136-4172-8C58-305714807033}"
EndProject
Project("{9A19103F-16F7-4668-BE54-9A1E7A4F7556}") = "Level 06", "2015\Level 06\Level 06.csproj", "{5F0C07A3-185B-467F-94B9-8C89C1FC01BA}"
EndProject
Project("{9A19103F-16F7-4668-BE54-9A1E7A4F7556}") = "Level 08", "2015\Level 08\Level 08.csproj", "{1BEA62FC-FE31-4301-A74B-FA688747D056}"
EndProject
Project("{9A19103F-16F7-4668-BE54-9A1E7A4F7556}") = "Level 09", "2015\Level 09\Level 09.csproj", "{298ED2E8-7F55-4B28-BA72-B5AFD80D6980}"
EndProject
Project("{9A19103F-16F7-4668-BE54-9A1E7A4F7556}") = "Level 07", "2022\Level 07\Level 07.csproj", "{6E840761-9AD0-4F8B-B67B-E0304B714D80}"
EndProject
Project("{9A19103F-16F7-4668-BE54-9A1E7A4F7556}") = "Level 06", "2022\Level 06\Level 06.csproj", "{B60E21A3-C4A8-4A75-B008-82FAD7C88970}"
EndProject
Project("{9A19103F-16F7-4668-BE54-9A1E7A4F7556}") = "Level 12", "2015\Level 12\Level 12.csproj", "{A83A993A-D457-4D35-B048-4B47FFEB4EC9}"
EndProject
Project("{9A19103F-16F7-4668-BE54-9A1E7A4F7556}") = "Level 08", "2022\Level 08\Level 08.csproj", "{687B011E-D8B5-42B7-903D-A48D62AD02C7}"
EndProject
Project("{9A19103F-16F7-4668-BE54-9A1E7A4F7556}") = "Level 09", "2022\Level 09\Level 09.csproj", "{769069CE-BBB1-494E-A8A9-FEFCAC61FF27}"
EndProject
Project("{9A19103F-16F7-4668-BE54-9A1E7A4F7556}") = "Level 13", "2015\Level 13\Level 13.csproj", "{0CA5AC6E-E412-4C08-868B-4B9C162F8573}"
EndProject
Project("{9A19103F-16F7-4668-BE54-9A1E7A4F7556}") = "Level 14", "2015\Level 14\Level 14.csproj", "{3FBBEAEA-BEB7-4D46-A3C9-D2A4AFFE1104}"
EndProject
Project("{9A19103F-16F7-4668-BE54-9A1E7A4F7556}") = "Level 15", "2015\Level 15\Level 15.csproj", "{47669960-966F-4CB6-AF2B-743F25B90C0F}"
EndProject
Project("{9A19103F-16F7-4668-BE54-9A1E7A4F7556}") = "Level 16", "2015\Level 16\Level 16.csproj", "{FED52075-BF6D-469D-881A-39A60C52B2E8}"
EndProject
Project("{9A19103F-16F7-4668-BE54-9A1E7A4F7556}") = "Level 17", "2015\Level 17\Level 17.csproj", "{774286A9-1EC6-4A5B-9B35-6273BA7BCDA4}"
EndProject
Project("{9A19103F-16F7-4668-BE54-9A1E7A4F7556}") = "Level 10", "2022\Level 10\Level 10.csproj", "{1C95EF8E-A13C-4315-8E95-3C1339DA9266}"
EndProject
Project("{9A19103F-16F7-4668-BE54-9A1E7A4F7556}") = "Level 18", "2015\Level 18\Level 18.csproj", "{08FE31CD-4131-4033-AA9F-AE72E00C1F5F}"
EndProject
Project("{9A19103F-16F7-4668-BE54-9A1E7A4F7556}") = "Level 11", "2022\Level 11\Level 11.csproj", "{F4B0A879-B85F-4E25-BCEF-8C9EAE29B3C2}"
EndProject
Project("{9A19103F-16F7-4668-BE54-9A1E7A4F7556}") = "Level 12", "2022\Level 12\Level 12.csproj", "{AF7AAB29-A5C5-4AB1-8A1F-6ED7EC50C0C5}"
EndProject
Project("{9A19103F-16F7-4668-BE54-9A1E7A4F7556}") = "Level 13", "2022\Level 13\Level 13.csproj", "{2646E1E9-6E2F-49E5-9570-77AAA835507F}"
EndProject
Project("{9A19103F-16F7-4668-BE54-9A1E7A4F7556}") = "Level 14", "2022\Level 14\Level 14.csproj", "{B5F884D3-5157-4493-9317-1330BB8CA28E}"
EndProject
Project("{9A19103F-16F7-4668-BE54-9A1E7A4F7556}") = "Level 15", "2022\Level 15\Level 15.csproj", "{B62843F0-EADB-427A-B00B-AC705EBBC93C}"
EndProject
Project("{2150E333-8FDC-42A3-9474-1A3956D46DE8}") = "2021", "2021", "{38CC5F98-59C5-418E-B829-6315F98EACD8}"
EndProject
Project("{9A19103F-16F7-4668-BE54-9A1E7A4F7556}") = "Level 19", "2021\Level 19\Level 19.csproj", "{7866ABDA-CADB-413D-B28B-76DF068BB016}"
EndProject
Project("{9A19103F-16F7-4668-BE54-9A1E7A4F7556}") = "Level 16", "2022\Level 16\Level 16.csproj", "{0DDFED20-CC70-4F43-AB85-40BAE03F0273}"
EndProject
Project("{2150E333-8FDC-42A3-9474-1A3956D46DE8}") = "2018", "2018", "{B2455DC8-7316-4474-865E-471CF90C0902}"
EndProject
Project("{9A19103F-16F7-4668-BE54-9A1E7A4F7556}") = "Level 01", "2018\Level 01\Level 01.csproj", "{91C4061C-6AF3-448E-AC55-8A11CD4C135A}"
EndProject
Project("{9A19103F-16F7-4668-BE54-9A1E7A4F7556}") = "Level 02", "2018\Level 02\Level 02.csproj", "{72EE88AB-D075-4BBD-96C2-D5B60992FAF5}"
EndProject
Project("{9A19103F-16F7-4668-BE54-9A1E7A4F7556}") = "Level 03", "2018\Level 03\Level 03.csproj", "{F63FBAA6-1223-454C-B292-2F9C8DD46C94}"
EndProject
Project("{9A19103F-16F7-4668-BE54-9A1E7A4F7556}") = "Level 04", "2018\Level 04\Level 04.csproj", "{9F491CA3-3E33-4AF6-9A8B-A38BB8CA6AED}"
EndProject
Project("{9A19103F-16F7-4668-BE54-9A1E7A4F7556}") = "Level 17", "2022\Level 17\Level 17.csproj", "{086208B0-784A-4959-9F8B-6A67A855B420}"
EndProject
Project("{9A19103F-16F7-4668-BE54-9A1E7A4F7556}") = "Level 18", "2022\Level 18\Level 18.csproj", "{71E9D952-91B5-4C25-88AD-F9A078F0E67B}"
EndProject
Project("{9A19103F-16F7-4668-BE54-9A1E7A4F7556}") = "Level 20", "2022\Level 20\Level 20.csproj", "{6B98E95B-9885-4D5D-930A-39E6BD3CEAF2}"
EndProject
Project("{9A19103F-16F7-4668-BE54-9A1E7A4F7556}") = "Level 19", "2022\Level 19\Level 19.csproj", "{E3BF8BF3-79AD-4626-BE1F-C17019106D6A}"
EndProject
Project("{9A19103F-16F7-4668-BE54-9A1E7A4F7556}") = "Level 21", "2022\Level 21\Level 21.csproj", "{6E6B976A-8CC9-48DA-8BC4-7B5A7A178644}"
EndProject
Project("{9A19103F-16F7-4668-BE54-9A1E7A4F7556}") = "Level 22", "2022\Level 22\Level 22.csproj", "{ED6DB77B-735A-4D25-A34A-48DE216B37B1}"
EndProject
Project("{9A19103F-16F7-4668-BE54-9A1E7A4F7556}") = "Level 23", "2022\Level 23\Level 23.csproj", "{480DF563-372F-47F4-B9C8-82B629520E2A}"
EndProject
Project("{9A19103F-16F7-4668-BE54-9A1E7A4F7556}") = "Level 05", "2018\Level 05\Level 05.csproj", "{CC520F2A-2DF9-45F0-B4FE-BF3F719CB44D}"
EndProject
Project("{9A19103F-16F7-4668-BE54-9A1E7A4F7556}") = "Level 06", "2018\Level 06\Level 06.csproj", "{A6F91948-8FF6-4847-B766-B0F5ABE942F8}"
EndProject
Project("{9A19103F-16F7-4668-BE54-9A1E7A4F7556}") = "Level 07", "2018\Level 07\Level 07.csproj", "{B0CF6941-5AF8-4709-BB46-CBADD7A36FDA}"
EndProject
Project("{9A19103F-16F7-4668-BE54-9A1E7A4F7556}") = "Level 24", "2022\Level 24\Level 24.csproj", "{8349E521-5AE2-41E5-A02E-91DC5F6DFC09}"
EndProject
Project("{9A19103F-16F7-4668-BE54-9A1E7A4F7556}") = "Level 25", "2022\Level 25\Level 25.csproj", "{882E1137-113E-4931-AFF4-A3A9EEF9F312}"
EndProject
Project("{9A19103F-16F7-4668-BE54-9A1E7A4F7556}") = "Level 10", "2018\Level 10\Level 10.csproj", "{A1E2120A-86F7-4740-9B7A-85D16C66E8BE}"
EndProject
Project("{2150E333-8FDC-42A3-9474-1A3956D46DE8}") = "2023", "2023", "{E7E79073-AAA7-4BE9-A852-CB9063FBEBAA}"
EndProject
Project("{9A19103F-16F7-4668-BE54-9A1E7A4F7556}") = "Level 01", "2023\Level 01\Level 01.csproj", "{B45C28D8-42A2-4CC9-99F9-6DFC14B50F31}"
EndProject
Project("{9A19103F-16F7-4668-BE54-9A1E7A4F7556}") = "Level 02", "2023\Level 02\Level 02.csproj", "{21E05B9D-5CA6-4C39-B985-644CD2E51B77}"
EndProject
Project("{9A19103F-16F7-4668-BE54-9A1E7A4F7556}") = "Level 03", "2023\Level 03\Level 03.csproj", "{C60EB7E5-0CB9-445F-BEB5-76C8A7E890BC}"
EndProject
Project("{FAE04EC0-301F-11D3-BF4B-00C04F79EFBC}") = "Level 04", "2023\Level 04\Level 04.csproj", "{5BF12645-071D-4DC4-BD00-25FC4F5E9B43}"
EndProject
Global
	GlobalSection(SolutionConfigurationPlatforms) = preSolution
		Debug|Any CPU = Debug|Any CPU
		Release|Any CPU = Release|Any CPU
	EndGlobalSection
	GlobalSection(ProjectConfigurationPlatforms) = postSolution
		{4A10D6D6-E46E-4602-88D3-37B3D3F390EE}.Debug|Any CPU.ActiveCfg = Debug|Any CPU
		{4A10D6D6-E46E-4602-88D3-37B3D3F390EE}.Debug|Any CPU.Build.0 = Debug|Any CPU
		{4A10D6D6-E46E-4602-88D3-37B3D3F390EE}.Release|Any CPU.ActiveCfg = Release|Any CPU
		{4A10D6D6-E46E-4602-88D3-37B3D3F390EE}.Release|Any CPU.Build.0 = Release|Any CPU
		{63505746-7875-4F05-B1CA-A99F9A2E0FA8}.Debug|Any CPU.ActiveCfg = Debug|Any CPU
		{63505746-7875-4F05-B1CA-A99F9A2E0FA8}.Debug|Any CPU.Build.0 = Debug|Any CPU
		{63505746-7875-4F05-B1CA-A99F9A2E0FA8}.Release|Any CPU.ActiveCfg = Release|Any CPU
		{63505746-7875-4F05-B1CA-A99F9A2E0FA8}.Release|Any CPU.Build.0 = Release|Any CPU
		{4B27DA2E-D438-43A8-8CAE-ADE66030CB98}.Debug|Any CPU.ActiveCfg = Debug|Any CPU
		{4B27DA2E-D438-43A8-8CAE-ADE66030CB98}.Debug|Any CPU.Build.0 = Debug|Any CPU
		{4B27DA2E-D438-43A8-8CAE-ADE66030CB98}.Release|Any CPU.ActiveCfg = Release|Any CPU
		{4B27DA2E-D438-43A8-8CAE-ADE66030CB98}.Release|Any CPU.Build.0 = Release|Any CPU
		{F51E7564-9570-4417-A570-2F5B7DBF0B6A}.Debug|Any CPU.ActiveCfg = Debug|Any CPU
		{F51E7564-9570-4417-A570-2F5B7DBF0B6A}.Debug|Any CPU.Build.0 = Debug|Any CPU
		{F51E7564-9570-4417-A570-2F5B7DBF0B6A}.Release|Any CPU.ActiveCfg = Release|Any CPU
		{F51E7564-9570-4417-A570-2F5B7DBF0B6A}.Release|Any CPU.Build.0 = Release|Any CPU
		{6068156E-080C-4373-91DD-CEEECFAEF79D}.Debug|Any CPU.ActiveCfg = Debug|Any CPU
		{6068156E-080C-4373-91DD-CEEECFAEF79D}.Debug|Any CPU.Build.0 = Debug|Any CPU
		{6068156E-080C-4373-91DD-CEEECFAEF79D}.Release|Any CPU.ActiveCfg = Release|Any CPU
		{6068156E-080C-4373-91DD-CEEECFAEF79D}.Release|Any CPU.Build.0 = Release|Any CPU
		{17273C01-032F-4D9D-9754-01EF6E33553A}.Debug|Any CPU.ActiveCfg = Debug|Any CPU
		{17273C01-032F-4D9D-9754-01EF6E33553A}.Debug|Any CPU.Build.0 = Debug|Any CPU
		{17273C01-032F-4D9D-9754-01EF6E33553A}.Release|Any CPU.ActiveCfg = Release|Any CPU
		{17273C01-032F-4D9D-9754-01EF6E33553A}.Release|Any CPU.Build.0 = Release|Any CPU
		{252AD4C7-3269-4867-9089-5902540BDFBE}.Debug|Any CPU.ActiveCfg = Debug|Any CPU
		{252AD4C7-3269-4867-9089-5902540BDFBE}.Debug|Any CPU.Build.0 = Debug|Any CPU
		{252AD4C7-3269-4867-9089-5902540BDFBE}.Release|Any CPU.ActiveCfg = Release|Any CPU
		{252AD4C7-3269-4867-9089-5902540BDFBE}.Release|Any CPU.Build.0 = Release|Any CPU
		{FB3327C1-C0A8-4299-9084-88728543A5E1}.Debug|Any CPU.ActiveCfg = Debug|Any CPU
		{FB3327C1-C0A8-4299-9084-88728543A5E1}.Debug|Any CPU.Build.0 = Debug|Any CPU
		{FB3327C1-C0A8-4299-9084-88728543A5E1}.Release|Any CPU.ActiveCfg = Release|Any CPU
		{FB3327C1-C0A8-4299-9084-88728543A5E1}.Release|Any CPU.Build.0 = Release|Any CPU
		{251DD49F-127E-48EB-9F92-C4F61F115CA8}.Debug|Any CPU.ActiveCfg = Debug|Any CPU
		{251DD49F-127E-48EB-9F92-C4F61F115CA8}.Debug|Any CPU.Build.0 = Debug|Any CPU
		{251DD49F-127E-48EB-9F92-C4F61F115CA8}.Release|Any CPU.ActiveCfg = Release|Any CPU
		{251DD49F-127E-48EB-9F92-C4F61F115CA8}.Release|Any CPU.Build.0 = Release|Any CPU
		{9A0EA8E5-533C-4764-9499-7705701BA31F}.Debug|Any CPU.ActiveCfg = Debug|Any CPU
		{9A0EA8E5-533C-4764-9499-7705701BA31F}.Debug|Any CPU.Build.0 = Debug|Any CPU
		{9A0EA8E5-533C-4764-9499-7705701BA31F}.Release|Any CPU.ActiveCfg = Release|Any CPU
		{9A0EA8E5-533C-4764-9499-7705701BA31F}.Release|Any CPU.Build.0 = Release|Any CPU
		{E83B602B-A136-4172-8C58-305714807033}.Debug|Any CPU.ActiveCfg = Debug|Any CPU
		{E83B602B-A136-4172-8C58-305714807033}.Debug|Any CPU.Build.0 = Debug|Any CPU
		{E83B602B-A136-4172-8C58-305714807033}.Release|Any CPU.ActiveCfg = Release|Any CPU
		{E83B602B-A136-4172-8C58-305714807033}.Release|Any CPU.Build.0 = Release|Any CPU
		{5F0C07A3-185B-467F-94B9-8C89C1FC01BA}.Debug|Any CPU.ActiveCfg = Debug|Any CPU
		{5F0C07A3-185B-467F-94B9-8C89C1FC01BA}.Debug|Any CPU.Build.0 = Debug|Any CPU
		{5F0C07A3-185B-467F-94B9-8C89C1FC01BA}.Release|Any CPU.ActiveCfg = Release|Any CPU
		{5F0C07A3-185B-467F-94B9-8C89C1FC01BA}.Release|Any CPU.Build.0 = Release|Any CPU
		{1BEA62FC-FE31-4301-A74B-FA688747D056}.Debug|Any CPU.ActiveCfg = Debug|Any CPU
		{1BEA62FC-FE31-4301-A74B-FA688747D056}.Debug|Any CPU.Build.0 = Debug|Any CPU
		{1BEA62FC-FE31-4301-A74B-FA688747D056}.Release|Any CPU.ActiveCfg = Release|Any CPU
		{1BEA62FC-FE31-4301-A74B-FA688747D056}.Release|Any CPU.Build.0 = Release|Any CPU
		{298ED2E8-7F55-4B28-BA72-B5AFD80D6980}.Debug|Any CPU.ActiveCfg = Debug|Any CPU
		{298ED2E8-7F55-4B28-BA72-B5AFD80D6980}.Debug|Any CPU.Build.0 = Debug|Any CPU
		{298ED2E8-7F55-4B28-BA72-B5AFD80D6980}.Release|Any CPU.ActiveCfg = Release|Any CPU
		{298ED2E8-7F55-4B28-BA72-B5AFD80D6980}.Release|Any CPU.Build.0 = Release|Any CPU
		{6E840761-9AD0-4F8B-B67B-E0304B714D80}.Debug|Any CPU.ActiveCfg = Debug|Any CPU
		{6E840761-9AD0-4F8B-B67B-E0304B714D80}.Debug|Any CPU.Build.0 = Debug|Any CPU
		{6E840761-9AD0-4F8B-B67B-E0304B714D80}.Release|Any CPU.ActiveCfg = Release|Any CPU
		{6E840761-9AD0-4F8B-B67B-E0304B714D80}.Release|Any CPU.Build.0 = Release|Any CPU
		{B60E21A3-C4A8-4A75-B008-82FAD7C88970}.Debug|Any CPU.ActiveCfg = Debug|Any CPU
		{B60E21A3-C4A8-4A75-B008-82FAD7C88970}.Debug|Any CPU.Build.0 = Debug|Any CPU
		{B60E21A3-C4A8-4A75-B008-82FAD7C88970}.Release|Any CPU.ActiveCfg = Release|Any CPU
		{B60E21A3-C4A8-4A75-B008-82FAD7C88970}.Release|Any CPU.Build.0 = Release|Any CPU
		{A83A993A-D457-4D35-B048-4B47FFEB4EC9}.Debug|Any CPU.ActiveCfg = Debug|Any CPU
		{A83A993A-D457-4D35-B048-4B47FFEB4EC9}.Debug|Any CPU.Build.0 = Debug|Any CPU
		{A83A993A-D457-4D35-B048-4B47FFEB4EC9}.Release|Any CPU.ActiveCfg = Release|Any CPU
		{A83A993A-D457-4D35-B048-4B47FFEB4EC9}.Release|Any CPU.Build.0 = Release|Any CPU
		{687B011E-D8B5-42B7-903D-A48D62AD02C7}.Debug|Any CPU.ActiveCfg = Debug|Any CPU
		{687B011E-D8B5-42B7-903D-A48D62AD02C7}.Debug|Any CPU.Build.0 = Debug|Any CPU
		{687B011E-D8B5-42B7-903D-A48D62AD02C7}.Release|Any CPU.ActiveCfg = Release|Any CPU
		{687B011E-D8B5-42B7-903D-A48D62AD02C7}.Release|Any CPU.Build.0 = Release|Any CPU
		{769069CE-BBB1-494E-A8A9-FEFCAC61FF27}.Debug|Any CPU.ActiveCfg = Debug|Any CPU
		{769069CE-BBB1-494E-A8A9-FEFCAC61FF27}.Debug|Any CPU.Build.0 = Debug|Any CPU
		{769069CE-BBB1-494E-A8A9-FEFCAC61FF27}.Release|Any CPU.ActiveCfg = Release|Any CPU
		{769069CE-BBB1-494E-A8A9-FEFCAC61FF27}.Release|Any CPU.Build.0 = Release|Any CPU
		{0CA5AC6E-E412-4C08-868B-4B9C162F8573}.Debug|Any CPU.ActiveCfg = Debug|Any CPU
		{0CA5AC6E-E412-4C08-868B-4B9C162F8573}.Debug|Any CPU.Build.0 = Debug|Any CPU
		{0CA5AC6E-E412-4C08-868B-4B9C162F8573}.Release|Any CPU.ActiveCfg = Release|Any CPU
		{0CA5AC6E-E412-4C08-868B-4B9C162F8573}.Release|Any CPU.Build.0 = Release|Any CPU
		{3FBBEAEA-BEB7-4D46-A3C9-D2A4AFFE1104}.Debug|Any CPU.ActiveCfg = Debug|Any CPU
		{3FBBEAEA-BEB7-4D46-A3C9-D2A4AFFE1104}.Debug|Any CPU.Build.0 = Debug|Any CPU
		{3FBBEAEA-BEB7-4D46-A3C9-D2A4AFFE1104}.Release|Any CPU.ActiveCfg = Release|Any CPU
		{3FBBEAEA-BEB7-4D46-A3C9-D2A4AFFE1104}.Release|Any CPU.Build.0 = Release|Any CPU
		{47669960-966F-4CB6-AF2B-743F25B90C0F}.Debug|Any CPU.ActiveCfg = Debug|Any CPU
		{47669960-966F-4CB6-AF2B-743F25B90C0F}.Debug|Any CPU.Build.0 = Debug|Any CPU
		{47669960-966F-4CB6-AF2B-743F25B90C0F}.Release|Any CPU.ActiveCfg = Release|Any CPU
		{47669960-966F-4CB6-AF2B-743F25B90C0F}.Release|Any CPU.Build.0 = Release|Any CPU
		{FED52075-BF6D-469D-881A-39A60C52B2E8}.Debug|Any CPU.ActiveCfg = Debug|Any CPU
		{FED52075-BF6D-469D-881A-39A60C52B2E8}.Debug|Any CPU.Build.0 = Debug|Any CPU
		{FED52075-BF6D-469D-881A-39A60C52B2E8}.Release|Any CPU.ActiveCfg = Release|Any CPU
		{FED52075-BF6D-469D-881A-39A60C52B2E8}.Release|Any CPU.Build.0 = Release|Any CPU
		{774286A9-1EC6-4A5B-9B35-6273BA7BCDA4}.Debug|Any CPU.ActiveCfg = Debug|Any CPU
		{774286A9-1EC6-4A5B-9B35-6273BA7BCDA4}.Debug|Any CPU.Build.0 = Debug|Any CPU
		{774286A9-1EC6-4A5B-9B35-6273BA7BCDA4}.Release|Any CPU.ActiveCfg = Release|Any CPU
		{774286A9-1EC6-4A5B-9B35-6273BA7BCDA4}.Release|Any CPU.Build.0 = Release|Any CPU
		{1C95EF8E-A13C-4315-8E95-3C1339DA9266}.Debug|Any CPU.ActiveCfg = Debug|Any CPU
		{1C95EF8E-A13C-4315-8E95-3C1339DA9266}.Debug|Any CPU.Build.0 = Debug|Any CPU
		{1C95EF8E-A13C-4315-8E95-3C1339DA9266}.Release|Any CPU.ActiveCfg = Release|Any CPU
		{1C95EF8E-A13C-4315-8E95-3C1339DA9266}.Release|Any CPU.Build.0 = Release|Any CPU
		{08FE31CD-4131-4033-AA9F-AE72E00C1F5F}.Debug|Any CPU.ActiveCfg = Debug|Any CPU
		{08FE31CD-4131-4033-AA9F-AE72E00C1F5F}.Debug|Any CPU.Build.0 = Debug|Any CPU
		{08FE31CD-4131-4033-AA9F-AE72E00C1F5F}.Release|Any CPU.ActiveCfg = Release|Any CPU
		{08FE31CD-4131-4033-AA9F-AE72E00C1F5F}.Release|Any CPU.Build.0 = Release|Any CPU
		{F4B0A879-B85F-4E25-BCEF-8C9EAE29B3C2}.Debug|Any CPU.ActiveCfg = Debug|Any CPU
		{F4B0A879-B85F-4E25-BCEF-8C9EAE29B3C2}.Debug|Any CPU.Build.0 = Debug|Any CPU
		{F4B0A879-B85F-4E25-BCEF-8C9EAE29B3C2}.Release|Any CPU.ActiveCfg = Release|Any CPU
		{F4B0A879-B85F-4E25-BCEF-8C9EAE29B3C2}.Release|Any CPU.Build.0 = Release|Any CPU
		{AF7AAB29-A5C5-4AB1-8A1F-6ED7EC50C0C5}.Debug|Any CPU.ActiveCfg = Debug|Any CPU
		{AF7AAB29-A5C5-4AB1-8A1F-6ED7EC50C0C5}.Debug|Any CPU.Build.0 = Debug|Any CPU
		{AF7AAB29-A5C5-4AB1-8A1F-6ED7EC50C0C5}.Release|Any CPU.ActiveCfg = Release|Any CPU
		{AF7AAB29-A5C5-4AB1-8A1F-6ED7EC50C0C5}.Release|Any CPU.Build.0 = Release|Any CPU
		{2646E1E9-6E2F-49E5-9570-77AAA835507F}.Debug|Any CPU.ActiveCfg = Debug|Any CPU
		{2646E1E9-6E2F-49E5-9570-77AAA835507F}.Debug|Any CPU.Build.0 = Debug|Any CPU
		{2646E1E9-6E2F-49E5-9570-77AAA835507F}.Release|Any CPU.ActiveCfg = Release|Any CPU
		{2646E1E9-6E2F-49E5-9570-77AAA835507F}.Release|Any CPU.Build.0 = Release|Any CPU
		{B5F884D3-5157-4493-9317-1330BB8CA28E}.Debug|Any CPU.ActiveCfg = Debug|Any CPU
		{B5F884D3-5157-4493-9317-1330BB8CA28E}.Debug|Any CPU.Build.0 = Debug|Any CPU
		{B5F884D3-5157-4493-9317-1330BB8CA28E}.Release|Any CPU.ActiveCfg = Release|Any CPU
		{B5F884D3-5157-4493-9317-1330BB8CA28E}.Release|Any CPU.Build.0 = Release|Any CPU
		{B62843F0-EADB-427A-B00B-AC705EBBC93C}.Debug|Any CPU.ActiveCfg = Debug|Any CPU
		{B62843F0-EADB-427A-B00B-AC705EBBC93C}.Debug|Any CPU.Build.0 = Debug|Any CPU
		{B62843F0-EADB-427A-B00B-AC705EBBC93C}.Release|Any CPU.ActiveCfg = Release|Any CPU
		{B62843F0-EADB-427A-B00B-AC705EBBC93C}.Release|Any CPU.Build.0 = Release|Any CPU
		{7866ABDA-CADB-413D-B28B-76DF068BB016}.Debug|Any CPU.ActiveCfg = Debug|Any CPU
		{7866ABDA-CADB-413D-B28B-76DF068BB016}.Debug|Any CPU.Build.0 = Debug|Any CPU
		{7866ABDA-CADB-413D-B28B-76DF068BB016}.Release|Any CPU.ActiveCfg = Release|Any CPU
		{7866ABDA-CADB-413D-B28B-76DF068BB016}.Release|Any CPU.Build.0 = Release|Any CPU
		{0DDFED20-CC70-4F43-AB85-40BAE03F0273}.Debug|Any CPU.ActiveCfg = Debug|Any CPU
		{0DDFED20-CC70-4F43-AB85-40BAE03F0273}.Debug|Any CPU.Build.0 = Debug|Any CPU
		{0DDFED20-CC70-4F43-AB85-40BAE03F0273}.Release|Any CPU.ActiveCfg = Release|Any CPU
		{0DDFED20-CC70-4F43-AB85-40BAE03F0273}.Release|Any CPU.Build.0 = Release|Any CPU
		{91C4061C-6AF3-448E-AC55-8A11CD4C135A}.Debug|Any CPU.ActiveCfg = Debug|Any CPU
		{91C4061C-6AF3-448E-AC55-8A11CD4C135A}.Debug|Any CPU.Build.0 = Debug|Any CPU
		{91C4061C-6AF3-448E-AC55-8A11CD4C135A}.Release|Any CPU.ActiveCfg = Release|Any CPU
		{91C4061C-6AF3-448E-AC55-8A11CD4C135A}.Release|Any CPU.Build.0 = Release|Any CPU
		{72EE88AB-D075-4BBD-96C2-D5B60992FAF5}.Debug|Any CPU.ActiveCfg = Debug|Any CPU
		{72EE88AB-D075-4BBD-96C2-D5B60992FAF5}.Debug|Any CPU.Build.0 = Debug|Any CPU
		{72EE88AB-D075-4BBD-96C2-D5B60992FAF5}.Release|Any CPU.ActiveCfg = Release|Any CPU
		{72EE88AB-D075-4BBD-96C2-D5B60992FAF5}.Release|Any CPU.Build.0 = Release|Any CPU
		{F63FBAA6-1223-454C-B292-2F9C8DD46C94}.Debug|Any CPU.ActiveCfg = Debug|Any CPU
		{F63FBAA6-1223-454C-B292-2F9C8DD46C94}.Debug|Any CPU.Build.0 = Debug|Any CPU
		{F63FBAA6-1223-454C-B292-2F9C8DD46C94}.Release|Any CPU.ActiveCfg = Release|Any CPU
		{F63FBAA6-1223-454C-B292-2F9C8DD46C94}.Release|Any CPU.Build.0 = Release|Any CPU
		{9F491CA3-3E33-4AF6-9A8B-A38BB8CA6AED}.Debug|Any CPU.ActiveCfg = Debug|Any CPU
		{9F491CA3-3E33-4AF6-9A8B-A38BB8CA6AED}.Debug|Any CPU.Build.0 = Debug|Any CPU
		{9F491CA3-3E33-4AF6-9A8B-A38BB8CA6AED}.Release|Any CPU.ActiveCfg = Release|Any CPU
		{9F491CA3-3E33-4AF6-9A8B-A38BB8CA6AED}.Release|Any CPU.Build.0 = Release|Any CPU
		{086208B0-784A-4959-9F8B-6A67A855B420}.Debug|Any CPU.ActiveCfg = Debug|Any CPU
		{086208B0-784A-4959-9F8B-6A67A855B420}.Debug|Any CPU.Build.0 = Debug|Any CPU
		{086208B0-784A-4959-9F8B-6A67A855B420}.Release|Any CPU.ActiveCfg = Release|Any CPU
		{086208B0-784A-4959-9F8B-6A67A855B420}.Release|Any CPU.Build.0 = Release|Any CPU
		{71E9D952-91B5-4C25-88AD-F9A078F0E67B}.Debug|Any CPU.ActiveCfg = Debug|Any CPU
		{71E9D952-91B5-4C25-88AD-F9A078F0E67B}.Debug|Any CPU.Build.0 = Debug|Any CPU
		{71E9D952-91B5-4C25-88AD-F9A078F0E67B}.Release|Any CPU.ActiveCfg = Release|Any CPU
		{71E9D952-91B5-4C25-88AD-F9A078F0E67B}.Release|Any CPU.Build.0 = Release|Any CPU
		{6B98E95B-9885-4D5D-930A-39E6BD3CEAF2}.Debug|Any CPU.ActiveCfg = Debug|Any CPU
		{6B98E95B-9885-4D5D-930A-39E6BD3CEAF2}.Debug|Any CPU.Build.0 = Debug|Any CPU
		{6B98E95B-9885-4D5D-930A-39E6BD3CEAF2}.Release|Any CPU.ActiveCfg = Release|Any CPU
		{6B98E95B-9885-4D5D-930A-39E6BD3CEAF2}.Release|Any CPU.Build.0 = Release|Any CPU
		{E3BF8BF3-79AD-4626-BE1F-C17019106D6A}.Debug|Any CPU.ActiveCfg = Debug|Any CPU
		{E3BF8BF3-79AD-4626-BE1F-C17019106D6A}.Debug|Any CPU.Build.0 = Debug|Any CPU
		{E3BF8BF3-79AD-4626-BE1F-C17019106D6A}.Release|Any CPU.ActiveCfg = Release|Any CPU
		{E3BF8BF3-79AD-4626-BE1F-C17019106D6A}.Release|Any CPU.Build.0 = Release|Any CPU
		{6E6B976A-8CC9-48DA-8BC4-7B5A7A178644}.Debug|Any CPU.ActiveCfg = Debug|Any CPU
		{6E6B976A-8CC9-48DA-8BC4-7B5A7A178644}.Debug|Any CPU.Build.0 = Debug|Any CPU
		{6E6B976A-8CC9-48DA-8BC4-7B5A7A178644}.Release|Any CPU.ActiveCfg = Release|Any CPU
		{6E6B976A-8CC9-48DA-8BC4-7B5A7A178644}.Release|Any CPU.Build.0 = Release|Any CPU
		{ED6DB77B-735A-4D25-A34A-48DE216B37B1}.Debug|Any CPU.ActiveCfg = Debug|Any CPU
		{ED6DB77B-735A-4D25-A34A-48DE216B37B1}.Debug|Any CPU.Build.0 = Debug|Any CPU
		{ED6DB77B-735A-4D25-A34A-48DE216B37B1}.Release|Any CPU.ActiveCfg = Release|Any CPU
		{ED6DB77B-735A-4D25-A34A-48DE216B37B1}.Release|Any CPU.Build.0 = Release|Any CPU
		{480DF563-372F-47F4-B9C8-82B629520E2A}.Debug|Any CPU.ActiveCfg = Debug|Any CPU
		{480DF563-372F-47F4-B9C8-82B629520E2A}.Debug|Any CPU.Build.0 = Debug|Any CPU
		{480DF563-372F-47F4-B9C8-82B629520E2A}.Release|Any CPU.ActiveCfg = Release|Any CPU
		{480DF563-372F-47F4-B9C8-82B629520E2A}.Release|Any CPU.Build.0 = Release|Any CPU
		{CC520F2A-2DF9-45F0-B4FE-BF3F719CB44D}.Debug|Any CPU.ActiveCfg = Debug|Any CPU
		{CC520F2A-2DF9-45F0-B4FE-BF3F719CB44D}.Debug|Any CPU.Build.0 = Debug|Any CPU
		{CC520F2A-2DF9-45F0-B4FE-BF3F719CB44D}.Release|Any CPU.ActiveCfg = Release|Any CPU
		{CC520F2A-2DF9-45F0-B4FE-BF3F719CB44D}.Release|Any CPU.Build.0 = Release|Any CPU
		{A6F91948-8FF6-4847-B766-B0F5ABE942F8}.Debug|Any CPU.ActiveCfg = Debug|Any CPU
		{A6F91948-8FF6-4847-B766-B0F5ABE942F8}.Debug|Any CPU.Build.0 = Debug|Any CPU
		{A6F91948-8FF6-4847-B766-B0F5ABE942F8}.Release|Any CPU.ActiveCfg = Release|Any CPU
		{A6F91948-8FF6-4847-B766-B0F5ABE942F8}.Release|Any CPU.Build.0 = Release|Any CPU
		{B0CF6941-5AF8-4709-BB46-CBADD7A36FDA}.Debug|Any CPU.ActiveCfg = Debug|Any CPU
		{B0CF6941-5AF8-4709-BB46-CBADD7A36FDA}.Debug|Any CPU.Build.0 = Debug|Any CPU
		{B0CF6941-5AF8-4709-BB46-CBADD7A36FDA}.Release|Any CPU.ActiveCfg = Release|Any CPU
		{B0CF6941-5AF8-4709-BB46-CBADD7A36FDA}.Release|Any CPU.Build.0 = Release|Any CPU
		{8349E521-5AE2-41E5-A02E-91DC5F6DFC09}.Debug|Any CPU.ActiveCfg = Debug|Any CPU
		{8349E521-5AE2-41E5-A02E-91DC5F6DFC09}.Debug|Any CPU.Build.0 = Debug|Any CPU
		{8349E521-5AE2-41E5-A02E-91DC5F6DFC09}.Release|Any CPU.ActiveCfg = Release|Any CPU
		{8349E521-5AE2-41E5-A02E-91DC5F6DFC09}.Release|Any CPU.Build.0 = Release|Any CPU
		{882E1137-113E-4931-AFF4-A3A9EEF9F312}.Debug|Any CPU.ActiveCfg = Debug|Any CPU
		{882E1137-113E-4931-AFF4-A3A9EEF9F312}.Debug|Any CPU.Build.0 = Debug|Any CPU
		{882E1137-113E-4931-AFF4-A3A9EEF9F312}.Release|Any CPU.ActiveCfg = Release|Any CPU
		{882E1137-113E-4931-AFF4-A3A9EEF9F312}.Release|Any CPU.Build.0 = Release|Any CPU
		{A1E2120A-86F7-4740-9B7A-85D16C66E8BE}.Debug|Any CPU.ActiveCfg = Debug|Any CPU
		{A1E2120A-86F7-4740-9B7A-85D16C66E8BE}.Debug|Any CPU.Build.0 = Debug|Any CPU
		{A1E2120A-86F7-4740-9B7A-85D16C66E8BE}.Release|Any CPU.ActiveCfg = Release|Any CPU
		{A1E2120A-86F7-4740-9B7A-85D16C66E8BE}.Release|Any CPU.Build.0 = Release|Any CPU
		{B45C28D8-42A2-4CC9-99F9-6DFC14B50F31}.Debug|Any CPU.ActiveCfg = Debug|Any CPU
		{B45C28D8-42A2-4CC9-99F9-6DFC14B50F31}.Debug|Any CPU.Build.0 = Debug|Any CPU
		{B45C28D8-42A2-4CC9-99F9-6DFC14B50F31}.Release|Any CPU.ActiveCfg = Release|Any CPU
		{B45C28D8-42A2-4CC9-99F9-6DFC14B50F31}.Release|Any CPU.Build.0 = Release|Any CPU
		{21E05B9D-5CA6-4C39-B985-644CD2E51B77}.Debug|Any CPU.ActiveCfg = Debug|Any CPU
		{21E05B9D-5CA6-4C39-B985-644CD2E51B77}.Debug|Any CPU.Build.0 = Debug|Any CPU
		{21E05B9D-5CA6-4C39-B985-644CD2E51B77}.Release|Any CPU.ActiveCfg = Release|Any CPU
		{21E05B9D-5CA6-4C39-B985-644CD2E51B77}.Release|Any CPU.Build.0 = Release|Any CPU
		{C60EB7E5-0CB9-445F-BEB5-76C8A7E890BC}.Debug|Any CPU.ActiveCfg = Debug|Any CPU
		{C60EB7E5-0CB9-445F-BEB5-76C8A7E890BC}.Debug|Any CPU.Build.0 = Debug|Any CPU
		{C60EB7E5-0CB9-445F-BEB5-76C8A7E890BC}.Release|Any CPU.ActiveCfg = Release|Any CPU
		{C60EB7E5-0CB9-445F-BEB5-76C8A7E890BC}.Release|Any CPU.Build.0 = Release|Any CPU
		{5BF12645-071D-4DC4-BD00-25FC4F5E9B43}.Debug|Any CPU.ActiveCfg = Debug|Any CPU
		{5BF12645-071D-4DC4-BD00-25FC4F5E9B43}.Debug|Any CPU.Build.0 = Debug|Any CPU
		{5BF12645-071D-4DC4-BD00-25FC4F5E9B43}.Release|Any CPU.ActiveCfg = Release|Any CPU
		{5BF12645-071D-4DC4-BD00-25FC4F5E9B43}.Release|Any CPU.Build.0 = Release|Any CPU
	EndGlobalSection
	GlobalSection(SolutionProperties) = preSolution
		HideSolutionNode = FALSE
	EndGlobalSection
	GlobalSection(NestedProjects) = preSolution
		{4A10D6D6-E46E-4602-88D3-37B3D3F390EE} = {7DBD59EE-E903-4BF7-9FDE-4EADF65F8DBD}
		{63505746-7875-4F05-B1CA-A99F9A2E0FA8} = {7DBD59EE-E903-4BF7-9FDE-4EADF65F8DBD}
		{4B27DA2E-D438-43A8-8CAE-ADE66030CB98} = {7DBD59EE-E903-4BF7-9FDE-4EADF65F8DBD}
		{F51E7564-9570-4417-A570-2F5B7DBF0B6A} = {7DBD59EE-E903-4BF7-9FDE-4EADF65F8DBD}
		{6068156E-080C-4373-91DD-CEEECFAEF79D} = {2B6E48DA-B498-4855-95FE-B5F8C0D9A93C}
		{17273C01-032F-4D9D-9754-01EF6E33553A} = {2B6E48DA-B498-4855-95FE-B5F8C0D9A93C}
		{252AD4C7-3269-4867-9089-5902540BDFBE} = {7DBD59EE-E903-4BF7-9FDE-4EADF65F8DBD}
		{FB3327C1-C0A8-4299-9084-88728543A5E1} = {2B6E48DA-B498-4855-95FE-B5F8C0D9A93C}
		{251DD49F-127E-48EB-9F92-C4F61F115CA8} = {2B6E48DA-B498-4855-95FE-B5F8C0D9A93C}
		{9A0EA8E5-533C-4764-9499-7705701BA31F} = {2B6E48DA-B498-4855-95FE-B5F8C0D9A93C}
		{E83B602B-A136-4172-8C58-305714807033} = {2B6E48DA-B498-4855-95FE-B5F8C0D9A93C}
		{5F0C07A3-185B-467F-94B9-8C89C1FC01BA} = {2B6E48DA-B498-4855-95FE-B5F8C0D9A93C}
		{1BEA62FC-FE31-4301-A74B-FA688747D056} = {2B6E48DA-B498-4855-95FE-B5F8C0D9A93C}
		{298ED2E8-7F55-4B28-BA72-B5AFD80D6980} = {2B6E48DA-B498-4855-95FE-B5F8C0D9A93C}
		{6E840761-9AD0-4F8B-B67B-E0304B714D80} = {7DBD59EE-E903-4BF7-9FDE-4EADF65F8DBD}
		{B60E21A3-C4A8-4A75-B008-82FAD7C88970} = {7DBD59EE-E903-4BF7-9FDE-4EADF65F8DBD}
		{A83A993A-D457-4D35-B048-4B47FFEB4EC9} = {2B6E48DA-B498-4855-95FE-B5F8C0D9A93C}
		{687B011E-D8B5-42B7-903D-A48D62AD02C7} = {7DBD59EE-E903-4BF7-9FDE-4EADF65F8DBD}
		{769069CE-BBB1-494E-A8A9-FEFCAC61FF27} = {7DBD59EE-E903-4BF7-9FDE-4EADF65F8DBD}
		{0CA5AC6E-E412-4C08-868B-4B9C162F8573} = {2B6E48DA-B498-4855-95FE-B5F8C0D9A93C}
		{3FBBEAEA-BEB7-4D46-A3C9-D2A4AFFE1104} = {2B6E48DA-B498-4855-95FE-B5F8C0D9A93C}
		{47669960-966F-4CB6-AF2B-743F25B90C0F} = {2B6E48DA-B498-4855-95FE-B5F8C0D9A93C}
		{FED52075-BF6D-469D-881A-39A60C52B2E8} = {2B6E48DA-B498-4855-95FE-B5F8C0D9A93C}
		{774286A9-1EC6-4A5B-9B35-6273BA7BCDA4} = {2B6E48DA-B498-4855-95FE-B5F8C0D9A93C}
		{1C95EF8E-A13C-4315-8E95-3C1339DA9266} = {7DBD59EE-E903-4BF7-9FDE-4EADF65F8DBD}
		{08FE31CD-4131-4033-AA9F-AE72E00C1F5F} = {2B6E48DA-B498-4855-95FE-B5F8C0D9A93C}
		{F4B0A879-B85F-4E25-BCEF-8C9EAE29B3C2} = {7DBD59EE-E903-4BF7-9FDE-4EADF65F8DBD}
		{AF7AAB29-A5C5-4AB1-8A1F-6ED7EC50C0C5} = {7DBD59EE-E903-4BF7-9FDE-4EADF65F8DBD}
		{2646E1E9-6E2F-49E5-9570-77AAA835507F} = {7DBD59EE-E903-4BF7-9FDE-4EADF65F8DBD}
		{B5F884D3-5157-4493-9317-1330BB8CA28E} = {7DBD59EE-E903-4BF7-9FDE-4EADF65F8DBD}
		{B62843F0-EADB-427A-B00B-AC705EBBC93C} = {7DBD59EE-E903-4BF7-9FDE-4EADF65F8DBD}
		{7866ABDA-CADB-413D-B28B-76DF068BB016} = {38CC5F98-59C5-418E-B829-6315F98EACD8}
		{0DDFED20-CC70-4F43-AB85-40BAE03F0273} = {7DBD59EE-E903-4BF7-9FDE-4EADF65F8DBD}
		{91C4061C-6AF3-448E-AC55-8A11CD4C135A} = {B2455DC8-7316-4474-865E-471CF90C0902}
		{72EE88AB-D075-4BBD-96C2-D5B60992FAF5} = {B2455DC8-7316-4474-865E-471CF90C0902}
		{F63FBAA6-1223-454C-B292-2F9C8DD46C94} = {B2455DC8-7316-4474-865E-471CF90C0902}
		{9F491CA3-3E33-4AF6-9A8B-A38BB8CA6AED} = {B2455DC8-7316-4474-865E-471CF90C0902}
		{086208B0-784A-4959-9F8B-6A67A855B420} = {7DBD59EE-E903-4BF7-9FDE-4EADF65F8DBD}
		{71E9D952-91B5-4C25-88AD-F9A078F0E67B} = {7DBD59EE-E903-4BF7-9FDE-4EADF65F8DBD}
		{6B98E95B-9885-4D5D-930A-39E6BD3CEAF2} = {7DBD59EE-E903-4BF7-9FDE-4EADF65F8DBD}
		{E3BF8BF3-79AD-4626-BE1F-C17019106D6A} = {7DBD59EE-E903-4BF7-9FDE-4EADF65F8DBD}
		{6E6B976A-8CC9-48DA-8BC4-7B5A7A178644} = {7DBD59EE-E903-4BF7-9FDE-4EADF65F8DBD}
		{ED6DB77B-735A-4D25-A34A-48DE216B37B1} = {7DBD59EE-E903-4BF7-9FDE-4EADF65F8DBD}
		{480DF563-372F-47F4-B9C8-82B629520E2A} = {7DBD59EE-E903-4BF7-9FDE-4EADF65F8DBD}
		{CC520F2A-2DF9-45F0-B4FE-BF3F719CB44D} = {B2455DC8-7316-4474-865E-471CF90C0902}
		{A6F91948-8FF6-4847-B766-B0F5ABE942F8} = {B2455DC8-7316-4474-865E-471CF90C0902}
		{B0CF6941-5AF8-4709-BB46-CBADD7A36FDA} = {B2455DC8-7316-4474-865E-471CF90C0902}
		{8349E521-5AE2-41E5-A02E-91DC5F6DFC09} = {7DBD59EE-E903-4BF7-9FDE-4EADF65F8DBD}
		{882E1137-113E-4931-AFF4-A3A9EEF9F312} = {7DBD59EE-E903-4BF7-9FDE-4EADF65F8DBD}
		{A1E2120A-86F7-4740-9B7A-85D16C66E8BE} = {B2455DC8-7316-4474-865E-471CF90C0902}
		{B45C28D8-42A2-4CC9-99F9-6DFC14B50F31} = {E7E79073-AAA7-4BE9-A852-CB9063FBEBAA}
		{21E05B9D-5CA6-4C39-B985-644CD2E51B77} = {E7E79073-AAA7-4BE9-A852-CB9063FBEBAA}
		{C60EB7E5-0CB9-445F-BEB5-76C8A7E890BC} = {E7E79073-AAA7-4BE9-A852-CB9063FBEBAA}
		{5BF12645-071D-4DC4-BD00-25FC4F5E9B43} = {E7E79073-AAA7-4BE9-A852-CB9063FBEBAA}
	EndGlobalSection
	GlobalSection(ExtensibilityGlobals) = postSolution
		SolutionGuid = {1B9A1944-C309-4D6C-B2BA-B041EDAC9D8E}
	EndGlobalSection
EndGlobal
